
Microsoft Visual Studio Solution File, Format Version 9.00
# Visual Studio 2005
Project("{FAE04EC0-301F-11D3-BF4B-00C04F79EFBC}") = "Proektic2", "Proektic2\Proektic2.csproj", "{12255731-D1BD-43B9-868F-C271F1F5523F}"
EndProject
Global
	GlobalSection(SolutionConfigurationPlatforms) = preSolution
		Debug|Any CPU = Debug|Any CPU
		Release|Any CPU = Release|Any CPU
	EndGlobalSection
	GlobalSection(ProjectConfigurationPlatforms) = postSolution
		{12255731-D1BD-43B9-868F-C271F1F5523F}.Debug|Any CPU.ActiveCfg = Debug|Any CPU
		{12255731-D1BD-43B9-868F-C271F1F5523F}.Debug|Any CPU.Build.0 = Debug|Any CPU
		{12255731-D1BD-43B9-868F-C271F1F5523F}.Release|Any CPU.ActiveCfg = Release|Any CPU
		{12255731-D1BD-43B9-868F-C271F1F5523F}.Release|Any CPU.Build.0 = Release|Any CPU
	EndGlobalSection
	GlobalSection(SolutionProperties) = preSolution
		HideSolutionNode = FALSE
	EndGlobalSection
EndGlobal
